Microsoft Visual Studio Solution File, Format Version 11.00
# Visual Studio 2008

Project("{1EA9C1CE-B415-8F04-6E13-C00F90AE94B1}") = "The Hero's Journey", "Assembly-CSharp-firstpass-vs.csproj", "{1C36AE9C-8E18-BD65-4972-EC2F79D9396E}"
EndProject
Project("{1EA9C1CE-B415-8F04-6E13-C00F90AE94B1}") = "The Hero's Journey", "Assembly-CSharp-vs.csproj", "{9C7A2CB3-401B-81A7-43D7-C5CBBFDEB001}"
EndProject
Project("{1EA9C1CE-B415-8F04-6E13-C00F90AE94B1}") = "The Hero's Journey", "Assembly-CSharp-Editor-vs.csproj", "{4B27EDC7-FFFD-C7F2-7AC4-0892833EA972}"
EndProject
Global
	GlobalSection(SolutionConfigurationPlatforms) = preSolution
		Debug|Any CPU = Debug|Any CPU
		Release|Any CPU = Release|Any CPU
	EndGlobalSection
	GlobalSection(ProjectConfigurationPlatforms) = postSolution
		{1C36AE9C-8E18-BD65-4972-EC2F79D9396E}.Debug|Any CPU.ActiveCfg = Debug|Any CPU
		{1C36AE9C-8E18-BD65-4972-EC2F79D9396E}.Debug|Any CPU.Build.0 = Debug|Any CPU
		{1C36AE9C-8E18-BD65-4972-EC2F79D9396E}.Release|Any CPU.ActiveCfg = Release|Any CPU
		{1C36AE9C-8E18-BD65-4972-EC2F79D9396E}.Release|Any CPU.Build.0 = Release|Any CPU
		{9C7A2CB3-401B-81A7-43D7-C5CBBFDEB001}.Debug|Any CPU.ActiveCfg = Debug|Any CPU
		{9C7A2CB3-401B-81A7-43D7-C5CBBFDEB001}.Debug|Any CPU.Build.0 = Debug|Any CPU
		{9C7A2CB3-401B-81A7-43D7-C5CBBFDEB001}.Release|Any CPU.ActiveCfg = Release|Any CPU
		{9C7A2CB3-401B-81A7-43D7-C5CBBFDEB001}.Release|Any CPU.Build.0 = Release|Any CPU
		{4B27EDC7-FFFD-C7F2-7AC4-0892833EA972}.Debug|Any CPU.ActiveCfg = Debug|Any CPU
		{4B27EDC7-FFFD-C7F2-7AC4-0892833EA972}.Debug|Any CPU.Build.0 = Debug|Any CPU
		{4B27EDC7-FFFD-C7F2-7AC4-0892833EA972}.Release|Any CPU.ActiveCfg = Release|Any CPU
		{4B27EDC7-FFFD-C7F2-7AC4-0892833EA972}.Release|Any CPU.Build.0 = Release|Any CPU
	EndGlobalSection
	GlobalSection(SolutionProperties) = preSolution
		HideSolutionNode = FALSE
	EndGlobalSection
																																																																																																																																																																																																																																																																																																																																																																																																																																																																																																																																																															GlobalSection(MonoDevelopProperties) = preSolution
		StartupItem = Assembly-CSharp.csproj
		Policies = $0
		$0.TextStylePolicy = $1
		$1.inheritsSet = null
		$1.scope = text/x-csharp
		$0.CSharpFormattingPolicy = $2
		$2.inheritsSet = Mono
		$2.inheritsScope = text/x-csharp
		$2.scope = text/x-csharp
		$0.TextStylePolicy = $3
		$3.FileWidth = 120
		$3.TabWidth = 4
		$3.EolMarker = Unix
		$3.inheritsSet = Mono
		$3.inheritsScope = text/plain
		$3.scope = text/plain
	EndGlobalSection

EndGlobal
